
Microsoft Visual Studio Solution File, Format Version 12.00
# Visual Studio 15
Project("{FAE04EC0-301F-11D3-BF4B-00C04F79EFBC}") = "UnityEngine.TestRunner", "UnityEngine.TestRunner.csproj", "{EA6A498E-38E9-6E14-719C-E8B8DBFC93E2}"
EndProject
Project("{FAE04EC0-301F-11D3-BF4B-00C04F79EFBC}") = "Unity.2D.Animation.Triangle.Runtime", "Unity.2D.Animation.Triangle.Runtime.csproj", "{E0BE7FB8-6849-7133-652E-1AB49185A1A8}"
EndProject
Project("{FAE04EC0-301F-11D3-BF4B-00C04F79EFBC}") = "UnityEngine.UI", "UnityEngine.UI.csproj", "{3E565619-2A10-C316-4DD2-F6CFE3039F55}"
EndProject
Project("{FAE04EC0-301F-11D3-BF4B-00C04F79EFBC}") = "Unity.TextMeshPro", "Unity.TextMeshPro.csproj", "{7D506F64-B245-B9C7-BCF6-665523614401}"
EndProject
Project("{FAE04EC0-301F-11D3-BF4B-00C04F79EFBC}") = "Unity.2D.Animation.Runtime", "Unity.2D.Animation.Runtime.csproj", "{2E02DFD1-239F-21C9-CBEA-AADB209F21AD}"
EndProject
Project("{FAE04EC0-301F-11D3-BF4B-00C04F79EFBC}") = "Unity.Timeline", "Unity.Timeline.csproj", "{70666429-EF18-7C87-649C-192B26DF9A3F}"
EndProject
Project("{FAE04EC0-301F-11D3-BF4B-00C04F79EFBC}") = "Unity.Mathematics", "Unity.Mathematics.csproj", "{B1D04C15-2AAD-B9B8-2F40-3FA9BF09F923}"
EndProject
Project("{FAE04EC0-301F-11D3-BF4B-00C04F79EFBC}") = "Unity.2D.SpriteShape.Runtime", "Unity.2D.SpriteShape.Runtime.csproj", "{6270FB1B-D3C1-36E8-0E65-6D91830D4FAB}"
EndProject
Project("{FAE04EC0-301F-11D3-BF4B-00C04F79EFBC}") = "Unity.2D.PixelPerfect", "Unity.2D.PixelPerfect.csproj", "{CB91A313-DF5F-987D-05F9-38FC2F08DAD3}"
EndProject
Project("{FAE04EC0-301F-11D3-BF4B-00C04F79EFBC}") = "Unity.InternalAPIEngineBridge.001", "Unity.InternalAPIEngineBridge.001.csproj", "{9C56C1DC-9056-DB9B-DC1C-9B462CBF72B8}"
EndProject
Project("{FAE04EC0-301F-11D3-BF4B-00C04F79EFBC}") = "Unity.2D.Common.Runtime", "Unity.2D.Common.Runtime.csproj", "{50B21BFB-7080-C1CD-BEB2-744887E78ED3}"
EndProject
Project("{FAE04EC0-301F-11D3-BF4B-00C04F79EFBC}") = "UnityEditor.TestRunner", "UnityEditor.TestRunner.csproj", "{B0BE6F5D-21AA-A576-AE12-57C20B395078}"
EndProject
Project("{FAE04EC0-301F-11D3-BF4B-00C04F79EFBC}") = "Unity.TextMeshPro.Editor", "Unity.TextMeshPro.Editor.csproj", "{9D226A9A-A451-0A0B-CCE5-9815E8E9DEF8}"
EndProject
Project("{FAE04EC0-301F-11D3-BF4B-00C04F79EFBC}") = "Unity.Timeline.Editor", "Unity.Timeline.Editor.csproj", "{B88BE63E-4FBF-BC44-50E2-59543AFE2978}"
EndProject
Project("{FAE04EC0-301F-11D3-BF4B-00C04F79EFBC}") = "Unity.2D.Animation.Editor", "Unity.2D.Animation.Editor.csproj", "{33277A1F-9FC7-345F-5955-E9DBF8CD6A19}"
EndProject
Project("{FAE04EC0-301F-11D3-BF4B-00C04F79EFBC}") = "Unity.2D.Path.Editor", "Unity.2D.Path.Editor.csproj", "{C1465119-1AE4-5EC1-E87F-6479B7551EAD}"
EndProject
Project("{FAE04EC0-301F-11D3-BF4B-00C04F79EFBC}") = "Unity.2D.Sprite.Editor", "Unity.2D.Sprite.Editor.csproj", "{31A371DF-E96C-9A16-715C-3E9C576EB97A}"
EndProject
Project("{FAE04EC0-301F-11D3-BF4B-00C04F79EFBC}") = "UnityEditor.UI", "UnityEditor.UI.csproj", "{F35A56B6-941B-01B0-0464-10924C9FB03F}"
EndProject
Project("{FAE04EC0-301F-11D3-BF4B-00C04F79EFBC}") = "Unity.Rider.Editor", "Unity.Rider.Editor.csproj", "{E7C5A85F-ED38-2F92-6804-F0068DD370D1}"
EndProject
Project("{FAE04EC0-301F-11D3-BF4B-00C04F79EFBC}") = "Unity.2D.Tilemap.Editor", "Unity.2D.Tilemap.Editor.csproj", "{1CA51495-1578-E6EF-2035-1841748D90E4}"
EndProject
Project("{FAE04EC0-301F-11D3-BF4B-00C04F79EFBC}") = "Unity.2D.SpriteShape.Editor", "Unity.2D.SpriteShape.Editor.csproj", "{785F4AC6-B908-E503-C8C8-15E18C46F862}"
EndProject
Project("{FAE04EC0-301F-11D3-BF4B-00C04F79EFBC}") = "PsdPlugin", "PsdPlugin.csproj", "{FAF62326-0BC8-1437-C0D4-17FCC24D3772}"
EndProject
Project("{FAE04EC0-301F-11D3-BF4B-00C04F79EFBC}") = "Unity.CollabProxy.Editor", "Unity.CollabProxy.Editor.csproj", "{19C0D0EA-0401-9DB0-139D-B82F1CEC6B26}"
EndProject
Project("{FAE04EC0-301F-11D3-BF4B-00C04F79EFBC}") = "Unity.2D.Common.Editor", "Unity.2D.Common.Editor.csproj", "{77F5784B-C7C5-71F0-CD45-91E54BC32378}"
EndProject
Project("{FAE04EC0-301F-11D3-BF4B-00C04F79EFBC}") = "Unity.VSCode.Editor", "Unity.VSCode.Editor.csproj", "{102EE17F-25AD-0573-04C1-2FE87BC5CF4F}"
EndProject
Project("{FAE04EC0-301F-11D3-BF4B-00C04F79EFBC}") = "Unity.2D.Psdimporter.Editor", "Unity.2D.Psdimporter.Editor.csproj", "{0068033B-1418-3671-B666-92AD38253797}"
EndProject
Project("{FAE04EC0-301F-11D3-BF4B-00C04F79EFBC}") = "Unity.2D.PixelPerfect.Editor", "Unity.2D.PixelPerfect.Editor.csproj", "{3CBAD326-5812-6A10-C02E-E6E45AA4ECF7}"
EndProject
Project("{FAE04EC0-301F-11D3-BF4B-00C04F79EFBC}") = "Unity.Mathematics.Editor", "Unity.Mathematics.Editor.csproj", "{924E7F36-DEEB-0236-A353-D8C9FE8FF3C4}"
EndProject
Project("{FAE04EC0-301F-11D3-BF4B-00C04F79EFBC}") = "Unity.InternalAPIEditorBridge.001", "Unity.InternalAPIEditorBridge.001.csproj", "{C2BA53B7-8742-D591-58F5-1FC16421F495}"
EndProject
Global
	GlobalSection(SolutionConfigurationPlatforms) = preSolution
		Debug|Any CPU = Debug|Any CPU
		Release|Any CPU = Release|Any CPU
	EndGlobalSection
	GlobalSection(ProjectConfigurationPlatforms) = postSolution
		{EA6A498E-38E9-6E14-719C-E8B8DBFC93E2}.Debug|Any CPU.ActiveCfg = Debug|Any CPU
		{EA6A498E-38E9-6E14-719C-E8B8DBFC93E2}.Debug|Any CPU.Build.0 = Debug|Any CPU
		{EA6A498E-38E9-6E14-719C-E8B8DBFC93E2}.Release|Any CPU.ActiveCfg = Release|Any CPU
		{EA6A498E-38E9-6E14-719C-E8B8DBFC93E2}.Release|Any CPU.Build.0 = Release|Any CPU
		{E0BE7FB8-6849-7133-652E-1AB49185A1A8}.Debug|Any CPU.ActiveCfg = Debug|Any CPU
		{E0BE7FB8-6849-7133-652E-1AB49185A1A8}.Debug|Any CPU.Build.0 = Debug|Any CPU
		{E0BE7FB8-6849-7133-652E-1AB49185A1A8}.Release|Any CPU.ActiveCfg = Release|Any CPU
		{E0BE7FB8-6849-7133-652E-1AB49185A1A8}.Release|Any CPU.Build.0 = Release|Any CPU
		{3E565619-2A10-C316-4DD2-F6CFE3039F55}.Debug|Any CPU.ActiveCfg = Debug|Any CPU
		{3E565619-2A10-C316-4DD2-F6CFE3039F55}.Debug|Any CPU.Build.0 = Debug|Any CPU
		{3E565619-2A10-C316-4DD2-F6CFE3039F55}.Release|Any CPU.ActiveCfg = Release|Any CPU
		{3E565619-2A10-C316-4DD2-F6CFE3039F55}.Release|Any CPU.Build.0 = Release|Any CPU
		{7D506F64-B245-B9C7-BCF6-665523614401}.Debug|Any CPU.ActiveCfg = Debug|Any CPU
		{7D506F64-B245-B9C7-BCF6-665523614401}.Debug|Any CPU.Build.0 = Debug|Any CPU
		{7D506F64-B245-B9C7-BCF6-665523614401}.Release|Any CPU.ActiveCfg = Release|Any CPU
		{7D506F64-B245-B9C7-BCF6-665523614401}.Release|Any CPU.Build.0 = Release|Any CPU
		{2E02DFD1-239F-21C9-CBEA-AADB209F21AD}.Debug|Any CPU.ActiveCfg = Debug|Any CPU
		{2E02DFD1-239F-21C9-CBEA-AADB209F21AD}.Debug|Any CPU.Build.0 = Debug|Any CPU
		{2E02DFD1-239F-21C9-CBEA-AADB209F21AD}.Release|Any CPU.ActiveCfg = Release|Any CPU
		{2E02DFD1-239F-21C9-CBEA-AADB209F21AD}.Release|Any CPU.Build.0 = Release|Any CPU
		{70666429-EF18-7C87-649C-192B26DF9A3F}.Debug|Any CPU.ActiveCfg = Debug|Any CPU
		{70666429-EF18-7C87-649C-192B26DF9A3F}.Debug|Any CPU.Build.0 = Debug|Any CPU
		{70666429-EF18-7C87-649C-192B26DF9A3F}.Release|Any CPU.ActiveCfg = Release|Any CPU
		{70666429-EF18-7C87-649C-192B26DF9A3F}.Release|Any CPU.Build.0 = Release|Any CPU
		{B1D04C15-2AAD-B9B8-2F40-3FA9BF09F923}.Debug|Any CPU.ActiveCfg = Debug|Any CPU
		{B1D04C15-2AAD-B9B8-2F40-3FA9BF09F923}.Debug|Any CPU.Build.0 = Debug|Any CPU
		{B1D04C15-2AAD-B9B8-2F40-3FA9BF09F923}.Release|Any CPU.ActiveCfg = Release|Any CPU
		{B1D04C15-2AAD-B9B8-2F40-3FA9BF09F923}.Release|Any CPU.Build.0 = Release|Any CPU
		{6270FB1B-D3C1-36E8-0E65-6D91830D4FAB}.Debug|Any CPU.ActiveCfg = Debug|Any CPU
		{6270FB1B-D3C1-36E8-0E65-6D91830D4FAB}.Debug|Any CPU.Build.0 = Debug|Any CPU
		{6270FB1B-D3C1-36E8-0E65-6D91830D4FAB}.Release|Any CPU.ActiveCfg = Release|Any CPU
		{6270FB1B-D3C1-36E8-0E65-6D91830D4FAB}.Release|Any CPU.Build.0 = Release|Any CPU
		{CB91A313-DF5F-987D-05F9-38FC2F08DAD3}.Debug|Any CPU.ActiveCfg = Debug|Any CPU
		{CB91A313-DF5F-987D-05F9-38FC2F08DAD3}.Debug|Any CPU.Build.0 = Debug|Any CPU
		{CB91A313-DF5F-987D-05F9-38FC2F08DAD3}.Release|Any CPU.ActiveCfg = Release|Any CPU
		{CB91A313-DF5F-987D-05F9-38FC2F08DAD3}.Release|Any CPU.Build.0 = Release|Any CPU
		{9C56C1DC-9056-DB9B-DC1C-9B462CBF72B8}.Debug|Any CPU.ActiveCfg = Debug|Any CPU
		{9C56C1DC-9056-DB9B-DC1C-9B462CBF72B8}.Debug|Any CPU.Build.0 = Debug|Any CPU
		{9C56C1DC-9056-DB9B-DC1C-9B462CBF72B8}.Release|Any CPU.ActiveCfg = Release|Any CPU
		{9C56C1DC-9056-DB9B-DC1C-9B462CBF72B8}.Release|Any CPU.Build.0 = Release|Any CPU
		{50B21BFB-7080-C1CD-BEB2-744887E78ED3}.Debug|Any CPU.ActiveCfg = Debug|Any CPU
		{50B21BFB-7080-C1CD-BEB2-744887E78ED3}.Debug|Any CPU.Build.0 = Debug|Any CPU
		{50B21BFB-7080-C1CD-BEB2-744887E78ED3}.Release|Any CPU.ActiveCfg = Release|Any CPU
		{50B21BFB-7080-C1CD-BEB2-744887E78ED3}.Release|Any CPU.Build.0 = Release|Any CPU
		{B0BE6F5D-21AA-A576-AE12-57C20B395078}.Debug|Any CPU.ActiveCfg = Debug|Any CPU
		{B0BE6F5D-21AA-A576-AE12-57C20B395078}.Debug|Any CPU.Build.0 = Debug|Any CPU
		{B0BE6F5D-21AA-A576-AE12-57C20B395078}.Release|Any CPU.ActiveCfg = Release|Any CPU
		{B0BE6F5D-21AA-A576-AE12-57C20B395078}.Release|Any CPU.Build.0 = Release|Any CPU
		{9D226A9A-A451-0A0B-CCE5-9815E8E9DEF8}.Debug|Any CPU.ActiveCfg = Debug|Any CPU
		{9D226A9A-A451-0A0B-CCE5-9815E8E9DEF8}.Debug|Any CPU.Build.0 = Debug|Any CPU
		{9D226A9A-A451-0A0B-CCE5-9815E8E9DEF8}.Release|Any CPU.ActiveCfg = Release|Any CPU
		{9D226A9A-A451-0A0B-CCE5-9815E8E9DEF8}.Release|Any CPU.Build.0 = Release|Any CPU
		{B88BE63E-4FBF-BC44-50E2-59543AFE2978}.Debug|Any CPU.ActiveCfg = Debug|Any CPU
		{B88BE63E-4FBF-BC44-50E2-59543AFE2978}.Debug|Any CPU.Build.0 = Debug|Any CPU
		{B88BE63E-4FBF-BC44-50E2-59543AFE2978}.Release|Any CPU.ActiveCfg = Release|Any CPU
		{B88BE63E-4FBF-BC44-50E2-59543AFE2978}.Release|Any CPU.Build.0 = Release|Any CPU
		{33277A1F-9FC7-345F-5955-E9DBF8CD6A19}.Debug|Any CPU.ActiveCfg = Debug|Any CPU
		{33277A1F-9FC7-345F-5955-E9DBF8CD6A19}.Debug|Any CPU.Build.0 = Debug|Any CPU
		{33277A1F-9FC7-345F-5955-E9DBF8CD6A19}.Release|Any CPU.ActiveCfg = Release|Any CPU
		{33277A1F-9FC7-345F-5955-E9DBF8CD6A19}.Release|Any CPU.Build.0 = Release|Any CPU
		{C1465119-1AE4-5EC1-E87F-6479B7551EAD}.Debug|Any CPU.ActiveCfg = Debug|Any CPU
		{C1465119-1AE4-5EC1-E87F-6479B7551EAD}.Debug|Any CPU.Build.0 = Debug|Any CPU
		{C1465119-1AE4-5EC1-E87F-6479B7551EAD}.Release|Any CPU.ActiveCfg = Release|Any CPU
		{C1465119-1AE4-5EC1-E87F-6479B7551EAD}.Release|Any CPU.Build.0 = Release|Any CPU
		{31A371DF-E96C-9A16-715C-3E9C576EB97A}.Debug|Any CPU.ActiveCfg = Debug|Any CPU
		{31A371DF-E96C-9A16-715C-3E9C576EB97A}.Debug|Any CPU.Build.0 = Debug|Any CPU
		{31A371DF-E96C-9A16-715C-3E9C576EB97A}.Release|Any CPU.ActiveCfg = Release|Any CPU
		{31A371DF-E96C-9A16-715C-3E9C576EB97A}.Release|Any CPU.Build.0 = Release|Any CPU
		{F35A56B6-941B-01B0-0464-10924C9FB03F}.Debug|Any CPU.ActiveCfg = Debug|Any CPU
		{F35A56B6-941B-01B0-0464-10924C9FB03F}.Debug|Any CPU.Build.0 = Debug|Any CPU
		{F35A56B6-941B-01B0-0464-10924C9FB03F}.Release|Any CPU.ActiveCfg = Release|Any CPU
		{F35A56B6-941B-01B0-0464-10924C9FB03F}.Release|Any CPU.Build.0 = Release|Any CPU
		{E7C5A85F-ED38-2F92-6804-F0068DD370D1}.Debug|Any CPU.ActiveCfg = Debug|Any CPU
		{E7C5A85F-ED38-2F92-6804-F0068DD370D1}.Debug|Any CPU.Build.0 = Debug|Any CPU
		{E7C5A85F-ED38-2F92-6804-F0068DD370D1}.Release|Any CPU.ActiveCfg = Release|Any CPU
		{E7C5A85F-ED38-2F92-6804-F0068DD370D1}.Release|Any CPU.Build.0 = Release|Any CPU
		{1CA51495-1578-E6EF-2035-1841748D90E4}.Debug|Any CPU.ActiveCfg = Debug|Any CPU
		{1CA51495-1578-E6EF-2035-1841748D90E4}.Debug|Any CPU.Build.0 = Debug|Any CPU
		{1CA51495-1578-E6EF-2035-1841748D90E4}.Release|Any CPU.ActiveCfg = Release|Any CPU
		{1CA51495-1578-E6EF-2035-1841748D90E4}.Release|Any CPU.Build.0 = Release|Any CPU
		{785F4AC6-B908-E503-C8C8-15E18C46F862}.Debug|Any CPU.ActiveCfg = Debug|Any CPU
		{785F4AC6-B908-E503-C8C8-15E18C46F862}.Debug|Any CPU.Build.0 = Debug|Any CPU
		{785F4AC6-B908-E503-C8C8-15E18C46F862}.Release|Any CPU.ActiveCfg = Release|Any CPU
		{785F4AC6-B908-E503-C8C8-15E18C46F862}.Release|Any CPU.Build.0 = Release|Any CPU
		{FAF62326-0BC8-1437-C0D4-17FCC24D3772}.Debug|Any CPU.ActiveCfg = Debug|Any CPU
		{FAF62326-0BC8-1437-C0D4-17FCC24D3772}.Debug|Any CPU.Build.0 = Debug|Any CPU
		{FAF62326-0BC8-1437-C0D4-17FCC24D3772}.Release|Any CPU.ActiveCfg = Release|Any CPU
		{FAF62326-0BC8-1437-C0D4-17FCC24D3772}.Release|Any CPU.Build.0 = Release|Any CPU
		{19C0D0EA-0401-9DB0-139D-B82F1CEC6B26}.Debug|Any CPU.ActiveCfg = Debug|Any CPU
		{19C0D0EA-0401-9DB0-139D-B82F1CEC6B26}.Debug|Any CPU.Build.0 = Debug|Any CPU
		{19C0D0EA-0401-9DB0-139D-B82F1CEC6B26}.Release|Any CPU.ActiveCfg = Release|Any CPU
		{19C0D0EA-0401-9DB0-139D-B82F1CEC6B26}.Release|Any CPU.Build.0 = Release|Any CPU
		{77F5784B-C7C5-71F0-CD45-91E54BC32378}.Debug|Any CPU.ActiveCfg = Debug|Any CPU
		{77F5784B-C7C5-71F0-CD45-91E54BC32378}.Debug|Any CPU.Build.0 = Debug|Any CPU
		{77F5784B-C7C5-71F0-CD45-91E54BC32378}.Release|Any CPU.ActiveCfg = Release|Any CPU
		{77F5784B-C7C5-71F0-CD45-91E54BC32378}.Release|Any CPU.Build.0 = Release|Any CPU
		{102EE17F-25AD-0573-04C1-2FE87BC5CF4F}.Debug|Any CPU.ActiveCfg = Debug|Any CPU
		{102EE17F-25AD-0573-04C1-2FE87BC5CF4F}.Debug|Any CPU.Build.0 = Debug|Any CPU
		{102EE17F-25AD-0573-04C1-2FE87BC5CF4F}.Release|Any CPU.ActiveCfg = Release|Any CPU
		{102EE17F-25AD-0573-04C1-2FE87BC5CF4F}.Release|Any CPU.Build.0 = Release|Any CPU
		{0068033B-1418-3671-B666-92AD38253797}.Debug|Any CPU.ActiveCfg = Debug|Any CPU
		{0068033B-1418-3671-B666-92AD38253797}.Debug|Any CPU.Build.0 = Debug|Any CPU
		{0068033B-1418-3671-B666-92AD38253797}.Release|Any CPU.ActiveCfg = Release|Any CPU
		{0068033B-1418-3671-B666-92AD38253797}.Release|Any CPU.Build.0 = Release|Any CPU
		{3CBAD326-5812-6A10-C02E-E6E45AA4ECF7}.Debug|Any CPU.ActiveCfg = Debug|Any CPU
		{3CBAD326-5812-6A10-C02E-E6E45AA4ECF7}.Debug|Any CPU.Build.0 = Debug|Any CPU
		{3CBAD326-5812-6A10-C02E-E6E45AA4ECF7}.Release|Any CPU.ActiveCfg = Release|Any CPU
		{3CBAD326-5812-6A10-C02E-E6E45AA4ECF7}.Release|Any CPU.Build.0 = Release|Any CPU
		{924E7F36-DEEB-0236-A353-D8C9FE8FF3C4}.Debug|Any CPU.ActiveCfg = Debug|Any CPU
		{924E7F36-DEEB-0236-A353-D8C9FE8FF3C4}.Debug|Any CPU.Build.0 = Debug|Any CPU
		{924E7F36-DEEB-0236-A353-D8C9FE8FF3C4}.Release|Any CPU.ActiveCfg = Release|Any CPU
		{924E7F36-DEEB-0236-A353-D8C9FE8FF3C4}.Release|Any CPU.Build.0 = Release|Any CPU
		{C2BA53B7-8742-D591-58F5-1FC16421F495}.Debug|Any CPU.ActiveCfg = Debug|Any CPU
		{C2BA53B7-8742-D591-58F5-1FC16421F495}.Debug|Any CPU.Build.0 = Debug|Any CPU
		{C2BA53B7-8742-D591-58F5-1FC16421F495}.Release|Any CPU.ActiveCfg = Release|Any CPU
		{C2BA53B7-8742-D591-58F5-1FC16421F495}.Release|Any CPU.Build.0 = Release|Any CPU
	EndGlobalSection
	GlobalSection(SolutionProperties) = preSolution
		HideSolutionNode = FALSE
	EndGlobalSection
EndGlobal
